
Microsoft Visual Studio Solution File, Format Version 12.00
# Visual Studio Version 17
VisualStudioVersion = 17.3.32825.248
MinimumVisualStudioVersion = 10.0.40219.1
Project("{FAE04EC0-301F-11D3-BF4B-00C04F79EFBC}") = "LayoutDemo", "LayoutDemo\LayoutDemo.csproj", "{27EAB38F-28D6-49FB-BBEC-61A2A3342203}"
EndProject
Global
	GlobalSection(SolutionConfigurationPlatforms) = preSolution
		Debug|Any CPU = Debug|Any CPU
		Release|Any CPU = Release|Any CPU
	EndGlobalSection
	GlobalSection(ProjectConfigurationPlatforms) = postSolution
		{27EAB38F-28D6-49FB-BBEC-61A2A3342203}.Debug|Any CPU.ActiveCfg = Debug|Any CPU
		{27EAB38F-28D6-49FB-BBEC-61A2A3342203}.Debug|Any CPU.Build.0 = Debug|Any CPU
		{27EAB38F-28D6-49FB-BBEC-61A2A3342203}.Release|Any CPU.ActiveCfg = Release|Any CPU
		{27EAB38F-28D6-49FB-BBEC-61A2A3342203}.Release|Any CPU.Build.0 = Release|Any CPU
	EndGlobalSection
	GlobalSection(SolutionProperties) = preSolution
		HideSolutionNode = FALSE
	EndGlobalSection
	GlobalSection(ExtensibilityGlobals) = postSolution
		SolutionGuid = {FC62DD1B-42DF-43A5-8736-660F48377490}
	EndGlobalSection
EndGlobal
